
Microsoft Visual Studio Solution File, Format Version 12.00
Project("{FAE04EC0-301F-11D3-BF4B-00C04F79EFBC}") = "SevenSharp", "src\SevenSharp\SevenSharp.csproj", "{99FB75DA-C213-4475-A9DD-F8D48D9AB177}"
EndProject
Project("{FAE04EC0-301F-11D3-BF4B-00C04F79EFBC}") = "SevenSharp.UnitTests", "test\SevenSharp.UnitTests\SevenSharp.UnitTests.csproj", "{662698DF-6498-443A-BAF1-B9A7CCB3018B}"
EndProject
Global
	GlobalSection(SolutionConfigurationPlatforms) = preSolution
		Debug|Any CPU = Debug|Any CPU
		Release|Any CPU = Release|Any CPU
	EndGlobalSection
	GlobalSection(ProjectConfigurationPlatforms) = postSolution
		{99FB75DA-C213-4475-A9DD-F8D48D9AB177}.Debug|Any CPU.ActiveCfg = Debug|Any CPU
		{99FB75DA-C213-4475-A9DD-F8D48D9AB177}.Debug|Any CPU.Build.0 = Debug|Any CPU
		{99FB75DA-C213-4475-A9DD-F8D48D9AB177}.Release|Any CPU.ActiveCfg = Release|Any CPU
		{99FB75DA-C213-4475-A9DD-F8D48D9AB177}.Release|Any CPU.Build.0 = Release|Any CPU
		{662698DF-6498-443A-BAF1-B9A7CCB3018B}.Debug|Any CPU.ActiveCfg = Debug|Any CPU
		{662698DF-6498-443A-BAF1-B9A7CCB3018B}.Debug|Any CPU.Build.0 = Debug|Any CPU
		{662698DF-6498-443A-BAF1-B9A7CCB3018B}.Release|Any CPU.ActiveCfg = Release|Any CPU
		{662698DF-6498-443A-BAF1-B9A7CCB3018B}.Release|Any CPU.Build.0 = Release|Any CPU
	EndGlobalSection
EndGlobal
